
Microsoft Visual Studio Solution File, Format Version 12.00
# Visual Studio Version 16
VisualStudioVersion = 16.0.32126.315
MinimumVisualStudioVersion = 10.0.40219.1
Project("{8BC9CEB8-8B4A-11D0-8D11-00A0C91BC942}") = "OOP_5_T_4", "OOP_5_T_4\OOP_5_T_4.vcxproj", "{47CCA26A-0F64-4703-827C-2FBB9DAAEEAE}"
EndProject
Global
	GlobalSection(SolutionConfigurationPlatforms) = preSolution
		Debug|x64 = Debug|x64
		Debug|x86 = Debug|x86
		Release|x64 = Release|x64
		Release|x86 = Release|x86
	EndGlobalSection
	GlobalSection(ProjectConfigurationPlatforms) = postSolution
		{47CCA26A-0F64-4703-827C-2FBB9DAAEEAE}.Debug|x64.ActiveCfg = Debug|x64
		{47CCA26A-0F64-4703-827C-2FBB9DAAEEAE}.Debug|x64.Build.0 = Debug|x64
		{47CCA26A-0F64-4703-827C-2FBB9DAAEEAE}.Debug|x86.ActiveCfg = Debug|Win32
		{47CCA26A-0F64-4703-827C-2FBB9DAAEEAE}.Debug|x86.Build.0 = Debug|Win32
		{47CCA26A-0F64-4703-827C-2FBB9DAAEEAE}.Release|x64.ActiveCfg = Release|x64
		{47CCA26A-0F64-4703-827C-2FBB9DAAEEAE}.Release|x64.Build.0 = Release|x64
		{47CCA26A-0F64-4703-827C-2FBB9DAAEEAE}.Release|x86.ActiveCfg = Release|Win32
		{47CCA26A-0F64-4703-827C-2FBB9DAAEEAE}.Release|x86.Build.0 = Release|Win32
	EndGlobalSection
	GlobalSection(SolutionProperties) = preSolution
		HideSolutionNode = FALSE
	EndGlobalSection
	GlobalSection(ExtensibilityGlobals) = postSolution
		SolutionGuid = {BD9770F8-F5CD-4B1B-9046-E61BF9F5ADCF}
	EndGlobalSection
EndGlobal
